
Microsoft Visual Studio Solution File, Format Version 12.00
# Visual Studio Version 17
VisualStudioVersion = 17.10.34707.107
MinimumVisualStudioVersion = 10.0.40219.1
Project("{9A19103F-16F7-4668-BE54-9A1E7A4F7556}") = "ZWLDotNetCore.ConsoleApp", "ZWLDotNetCore.ConsoleApp\ZWLDotNetCore.ConsoleApp.csproj", "{46A59075-E396-4BEF-A36B-95C289849B48}"
EndProject
Project("{2150E333-8FDC-42A3-9474-1A3956D46DE8}") = "Documents", "Documents", "{4DAE561B-B7D1-47A6-B4F5-C987C7E49FDD}"
	ProjectSection(SolutionItems) = preProject
		DotNetTrainging4.sql = DotNetTrainging4.sql
		README.md = README.md
	EndProjectSection
EndProject
Project("{9A19103F-16F7-4668-BE54-9A1E7A4F7556}") = "ZWLDotNetCore.RestAPI", "ZWLDotNetCore.RestAPI\ZWLDotNetCore.RestAPI.csproj", "{BF2F1567-883A-4CB1-92B2-B06EFC46AA9B}"
EndProject
Project("{9A19103F-16F7-4668-BE54-9A1E7A4F7556}") = "ZWLDotNetCore.Shared", "ZWLDotNetCore.Shared\ZWLDotNetCore.Shared.csproj", "{6DD561C2-DE92-40B9-B24F-091B0E60B16A}"
EndProject
Project("{9A19103F-16F7-4668-BE54-9A1E7A4F7556}") = "ZWLDotNetCore.RestApiWithNLayer", "ZWLDotNetCore.RestApiWithNLayer\ZWLDotNetCore.RestApiWithNLayer.csproj", "{C4DB95EB-D08C-4047-9D0D-62CBB4159E81}"
EndProject
Project("{9A19103F-16F7-4668-BE54-9A1E7A4F7556}") = "ZWLDotNetCore.ConsoleAppHttpClientExample", "ZWLDotNetCore.ConsoleAppHttpClientExample\ZWLDotNetCore.ConsoleAppHttpClientExample.csproj", "{32936D85-CB18-4582-866F-38FF235F5416}"
EndProject
Project("{9A19103F-16F7-4668-BE54-9A1E7A4F7556}") = "ZWLDotNetCore.ConsoleAppRestClientExamples", "ZWLDotNetCore.ConsoleAppRestClientExamples\ZWLDotNetCore.ConsoleAppRestClientExamples.csproj", "{C0ADF662-3EEA-4C79-956E-4536ECC6FFA5}"
EndProject
Project("{9A19103F-16F7-4668-BE54-9A1E7A4F7556}") = "ZWLDotNetCore.ConsoleAppHttpClient", "ZWLDotNetCore.ConsoleAppHttpClient\ZWLDotNetCore.ConsoleAppHttpClient.csproj", "{6663EB69-3127-4616-AA42-6F21B74DDBF6}"
EndProject
Project("{9A19103F-16F7-4668-BE54-9A1E7A4F7556}") = "ZWLDotNetCore.PizzaApi", "ZWLDotNetCore.PizzaApi\ZWLDotNetCore.PizzaApi.csproj", "{045BE64E-D0BF-48B1-B8CF-E309037EB921}"
EndProject
Project("{9A19103F-16F7-4668-BE54-9A1E7A4F7556}") = "ZWLDotNetCore.ConsoleAppRefitExamples", "ZWLDotNetCore.ConsoleAppRefitExamples\ZWLDotNetCore.ConsoleAppRefitExamples.csproj", "{C04B7DBF-1AB0-4FF9-BE63-B4CFF2FE8350}"
EndProject
Project("{9A19103F-16F7-4668-BE54-9A1E7A4F7556}") = "ZWLDotNetCore.WinFormsApp", "ZWLDotNetCore.WinFormsApp\ZWLDotNetCore.WinFormsApp.csproj", "{65817D67-A666-4E57-9A30-9BEE59544782}"
EndProject
Project("{9A19103F-16F7-4668-BE54-9A1E7A4F7556}") = "ZWLDotNetCore.WinFormsAppSqlInjection", "ZWLDotNetCore.WinFormsAppSqlInjection\ZWLDotNetCore.WinFormsAppSqlInjection.csproj", "{A960878A-EAEF-4985-B9D4-CD2BC0247EF7}"
EndProject
Project("{9A19103F-16F7-4668-BE54-9A1E7A4F7556}") = "ZWLDotNetCore.MinimalApi", "ZWLDotNetCore.MinimalApi\ZWLDotNetCore.MinimalApi.csproj", "{1BE99B8F-530D-4E05-84EE-348F91BD8C00}"
EndProject
Project("{9A19103F-16F7-4668-BE54-9A1E7A4F7556}") = "ZWLDotNetCore.MvcApp", "ZWLDotNetCore.MvcApp\ZWLDotNetCore.MvcApp.csproj", "{B3BC30AC-6A52-4EF3-9BC1-EF8F0A03B94F}"
EndProject
Project("{9A19103F-16F7-4668-BE54-9A1E7A4F7556}") = "ZWLDotNetCore.MVCApp2", "ZWLDotNetCore.MVCApp2\ZWLDotNetCore.MVCApp2.csproj", "{88A2D040-843E-4398-AE77-24F51E811A9A}"
EndProject
Project("{9A19103F-16F7-4668-BE54-9A1E7A4F7556}") = "ZWLDotNetCore.MvcChartApp", "ZWLDotNetCore.MvcChartApp\ZWLDotNetCore.MvcChartApp.csproj", "{8620D49B-091E-41DC-AAB8-4C343EB52F36}"
EndProject
Project("{9A19103F-16F7-4668-BE54-9A1E7A4F7556}") = "ZWLDotNetCore.ConsoleAppLogging", "ZWLDotNetCore.ConsoleAppLogging\ZWLDotNetCore.ConsoleAppLogging.csproj", "{35404754-1626-43E8-A82D-F6164807E2E2}"
EndProject
Project("{FAE04EC0-301F-11D3-BF4B-00C04F79EFBC}") = "ZWLDotNetCore.RealtimeChatApp", "ZWLDotNetCore.RealtimeChatApp\ZWLDotNetCore.RealtimeChatApp.csproj", "{E9D06F66-ED21-4F57-BFA0-62EC70ED1C5D}"
EndProject
Global
	GlobalSection(SolutionConfigurationPlatforms) = preSolution
		Debug|Any CPU = Debug|Any CPU
		Release|Any CPU = Release|Any CPU
	EndGlobalSection
	GlobalSection(ProjectConfigurationPlatforms) = postSolution
		{46A59075-E396-4BEF-A36B-95C289849B48}.Debug|Any CPU.ActiveCfg = Debug|Any CPU
		{46A59075-E396-4BEF-A36B-95C289849B48}.Debug|Any CPU.Build.0 = Debug|Any CPU
		{46A59075-E396-4BEF-A36B-95C289849B48}.Release|Any CPU.ActiveCfg = Release|Any CPU
		{46A59075-E396-4BEF-A36B-95C289849B48}.Release|Any CPU.Build.0 = Release|Any CPU
		{BF2F1567-883A-4CB1-92B2-B06EFC46AA9B}.Debug|Any CPU.ActiveCfg = Debug|Any CPU
		{BF2F1567-883A-4CB1-92B2-B06EFC46AA9B}.Debug|Any CPU.Build.0 = Debug|Any CPU
		{BF2F1567-883A-4CB1-92B2-B06EFC46AA9B}.Release|Any CPU.ActiveCfg = Release|Any CPU
		{BF2F1567-883A-4CB1-92B2-B06EFC46AA9B}.Release|Any CPU.Build.0 = Release|Any CPU
		{6DD561C2-DE92-40B9-B24F-091B0E60B16A}.Debug|Any CPU.ActiveCfg = Debug|Any CPU
		{6DD561C2-DE92-40B9-B24F-091B0E60B16A}.Debug|Any CPU.Build.0 = Debug|Any CPU
		{6DD561C2-DE92-40B9-B24F-091B0E60B16A}.Release|Any CPU.ActiveCfg = Release|Any CPU
		{6DD561C2-DE92-40B9-B24F-091B0E60B16A}.Release|Any CPU.Build.0 = Release|Any CPU
		{C4DB95EB-D08C-4047-9D0D-62CBB4159E81}.Debug|Any CPU.ActiveCfg = Debug|Any CPU
		{C4DB95EB-D08C-4047-9D0D-62CBB4159E81}.Debug|Any CPU.Build.0 = Debug|Any CPU
		{C4DB95EB-D08C-4047-9D0D-62CBB4159E81}.Release|Any CPU.ActiveCfg = Release|Any CPU
		{C4DB95EB-D08C-4047-9D0D-62CBB4159E81}.Release|Any CPU.Build.0 = Release|Any CPU
		{32936D85-CB18-4582-866F-38FF235F5416}.Debug|Any CPU.ActiveCfg = Debug|Any CPU
		{32936D85-CB18-4582-866F-38FF235F5416}.Debug|Any CPU.Build.0 = Debug|Any CPU
		{32936D85-CB18-4582-866F-38FF235F5416}.Release|Any CPU.ActiveCfg = Release|Any CPU
		{32936D85-CB18-4582-866F-38FF235F5416}.Release|Any CPU.Build.0 = Release|Any CPU
		{C0ADF662-3EEA-4C79-956E-4536ECC6FFA5}.Debug|Any CPU.ActiveCfg = Debug|Any CPU
		{C0ADF662-3EEA-4C79-956E-4536ECC6FFA5}.Debug|Any CPU.Build.0 = Debug|Any CPU
		{C0ADF662-3EEA-4C79-956E-4536ECC6FFA5}.Release|Any CPU.ActiveCfg = Release|Any CPU
		{C0ADF662-3EEA-4C79-956E-4536ECC6FFA5}.Release|Any CPU.Build.0 = Release|Any CPU
		{6663EB69-3127-4616-AA42-6F21B74DDBF6}.Debug|Any CPU.ActiveCfg = Debug|Any CPU
		{6663EB69-3127-4616-AA42-6F21B74DDBF6}.Debug|Any CPU.Build.0 = Debug|Any CPU
		{6663EB69-3127-4616-AA42-6F21B74DDBF6}.Release|Any CPU.ActiveCfg = Release|Any CPU
		{6663EB69-3127-4616-AA42-6F21B74DDBF6}.Release|Any CPU.Build.0 = Release|Any CPU
		{045BE64E-D0BF-48B1-B8CF-E309037EB921}.Debug|Any CPU.ActiveCfg = Debug|Any CPU
		{045BE64E-D0BF-48B1-B8CF-E309037EB921}.Debug|Any CPU.Build.0 = Debug|Any CPU
		{045BE64E-D0BF-48B1-B8CF-E309037EB921}.Release|Any CPU.ActiveCfg = Release|Any CPU
		{045BE64E-D0BF-48B1-B8CF-E309037EB921}.Release|Any CPU.Build.0 = Release|Any CPU
		{C04B7DBF-1AB0-4FF9-BE63-B4CFF2FE8350}.Debug|Any CPU.ActiveCfg = Debug|Any CPU
		{C04B7DBF-1AB0-4FF9-BE63-B4CFF2FE8350}.Debug|Any CPU.Build.0 = Debug|Any CPU
		{C04B7DBF-1AB0-4FF9-BE63-B4CFF2FE8350}.Release|Any CPU.ActiveCfg = Release|Any CPU
		{C04B7DBF-1AB0-4FF9-BE63-B4CFF2FE8350}.Release|Any CPU.Build.0 = Release|Any CPU
		{65817D67-A666-4E57-9A30-9BEE59544782}.Debug|Any CPU.ActiveCfg = Debug|Any CPU
		{65817D67-A666-4E57-9A30-9BEE59544782}.Debug|Any CPU.Build.0 = Debug|Any CPU
		{65817D67-A666-4E57-9A30-9BEE59544782}.Release|Any CPU.ActiveCfg = Release|Any CPU
		{65817D67-A666-4E57-9A30-9BEE59544782}.Release|Any CPU.Build.0 = Release|Any CPU
		{A960878A-EAEF-4985-B9D4-CD2BC0247EF7}.Debug|Any CPU.ActiveCfg = Debug|Any CPU
		{A960878A-EAEF-4985-B9D4-CD2BC0247EF7}.Debug|Any CPU.Build.0 = Debug|Any CPU
		{A960878A-EAEF-4985-B9D4-CD2BC0247EF7}.Release|Any CPU.ActiveCfg = Release|Any CPU
		{A960878A-EAEF-4985-B9D4-CD2BC0247EF7}.Release|Any CPU.Build.0 = Release|Any CPU
		{1BE99B8F-530D-4E05-84EE-348F91BD8C00}.Debug|Any CPU.ActiveCfg = Debug|Any CPU
		{1BE99B8F-530D-4E05-84EE-348F91BD8C00}.Debug|Any CPU.Build.0 = Debug|Any CPU
		{1BE99B8F-530D-4E05-84EE-348F91BD8C00}.Release|Any CPU.ActiveCfg = Release|Any CPU
		{1BE99B8F-530D-4E05-84EE-348F91BD8C00}.Release|Any CPU.Build.0 = Release|Any CPU
		{B3BC30AC-6A52-4EF3-9BC1-EF8F0A03B94F}.Debug|Any CPU.ActiveCfg = Debug|Any CPU
		{B3BC30AC-6A52-4EF3-9BC1-EF8F0A03B94F}.Debug|Any CPU.Build.0 = Debug|Any CPU
		{B3BC30AC-6A52-4EF3-9BC1-EF8F0A03B94F}.Release|Any CPU.ActiveCfg = Release|Any CPU
		{B3BC30AC-6A52-4EF3-9BC1-EF8F0A03B94F}.Release|Any CPU.Build.0 = Release|Any CPU
		{88A2D040-843E-4398-AE77-24F51E811A9A}.Debug|Any CPU.ActiveCfg = Debug|Any CPU
		{88A2D040-843E-4398-AE77-24F51E811A9A}.Debug|Any CPU.Build.0 = Debug|Any CPU
		{88A2D040-843E-4398-AE77-24F51E811A9A}.Release|Any CPU.ActiveCfg = Release|Any CPU
		{88A2D040-843E-4398-AE77-24F51E811A9A}.Release|Any CPU.Build.0 = Release|Any CPU
		{8620D49B-091E-41DC-AAB8-4C343EB52F36}.Debug|Any CPU.ActiveCfg = Debug|Any CPU
		{8620D49B-091E-41DC-AAB8-4C343EB52F36}.Debug|Any CPU.Build.0 = Debug|Any CPU
		{8620D49B-091E-41DC-AAB8-4C343EB52F36}.Release|Any CPU.ActiveCfg = Release|Any CPU
		{8620D49B-091E-41DC-AAB8-4C343EB52F36}.Release|Any CPU.Build.0 = Release|Any CPU
		{35404754-1626-43E8-A82D-F6164807E2E2}.Debug|Any CPU.ActiveCfg = Debug|Any CPU
		{35404754-1626-43E8-A82D-F6164807E2E2}.Debug|Any CPU.Build.0 = Debug|Any CPU
		{35404754-1626-43E8-A82D-F6164807E2E2}.Release|Any CPU.ActiveCfg = Release|Any CPU
		{35404754-1626-43E8-A82D-F6164807E2E2}.Release|Any CPU.Build.0 = Release|Any CPU
		{E9D06F66-ED21-4F57-BFA0-62EC70ED1C5D}.Debug|Any CPU.ActiveCfg = Debug|Any CPU
		{E9D06F66-ED21-4F57-BFA0-62EC70ED1C5D}.Debug|Any CPU.Build.0 = Debug|Any CPU
		{E9D06F66-ED21-4F57-BFA0-62EC70ED1C5D}.Release|Any CPU.ActiveCfg = Release|Any CPU
		{E9D06F66-ED21-4F57-BFA0-62EC70ED1C5D}.Release|Any CPU.Build.0 = Release|Any CPU
	EndGlobalSection
	GlobalSection(SolutionProperties) = preSolution
		HideSolutionNode = FALSE
	EndGlobalSection
	GlobalSection(ExtensibilityGlobals) = postSolution
		SolutionGuid = {73DC7879-86D4-4348-91F0-DE333AEB651E}
	EndGlobalSection
EndGlobal
